
Microsoft Visual Studio Solution File, Format Version 12.00
# Visual Studio 14
VisualStudioVersion = 14.0.25420.1
MinimumVisualStudioVersion = 10.0.40219.1
Project("{FAE04EC0-301F-11D3-BF4B-00C04F79EFBC}") = "WEB.API", "WEB.API\WEB.API.csproj", "{803E4F99-92E9-40D5-9FAF-6CD8079577BD}"
EndProject
Project("{2150E333-8FDC-42A3-9474-1A3956D46DE8}") = "DAL", "DAL", "{B96E9F9D-455C-4E83-A175-E2A4D11EFBA9}"
EndProject
Project("{2150E333-8FDC-42A3-9474-1A3956D46DE8}") = "BLL", "BLL", "{114F9C8D-0FFA-4C67-9433-46319701B5E1}"
EndProject
Project("{FAE04EC0-301F-11D3-BF4B-00C04F79EFBC}") = "Repository", "Repository\Repository.csproj", "{0579F78A-5CE3-46F6-9D74-105D6821EBB0}"
EndProject
Project("{FAE04EC0-301F-11D3-BF4B-00C04F79EFBC}") = "Entity", "Entity\Entity.csproj", "{265FECA0-AFEA-4A46-984B-1078A1A1FA5C}"
EndProject
Project("{FAE04EC0-301F-11D3-BF4B-00C04F79EFBC}") = "Service", "Service\Service.csproj", "{09602BFC-5096-4791-B581-3A9461431265}"
EndProject
Project("{FAE04EC0-301F-11D3-BF4B-00C04F79EFBC}") = "IService", "IService\IService.csproj", "{90290C05-04AB-42EF-8BB8-70E9A52AAB16}"
EndProject
Project("{FAE04EC0-301F-11D3-BF4B-00C04F79EFBC}") = "IRepository.cs", "IRepository.cs\IRepository.cs.csproj", "{E5F63B41-8B4A-4B52-9754-9CED83CAC45C}"
EndProject
Project("{FAE04EC0-301F-11D3-BF4B-00C04F79EFBC}") = "ViewModel", "ViewModel\ViewModel.csproj", "{477A5F90-5193-49DB-A56E-DF3976C32D77}"
EndProject
Project("{2150E333-8FDC-42A3-9474-1A3956D46DE8}") = "Util", "Util", "{311C573C-BFB7-43FE-84AA-ECE6F3DCEFF9}"
EndProject
Project("{FAE04EC0-301F-11D3-BF4B-00C04F79EFBC}") = "Util", "Util\Util.csproj", "{559ADD0D-9F50-48FB-8DA5-0E7B0A407EC2}"
EndProject
Project("{FAE04EC0-301F-11D3-BF4B-00C04F79EFBC}") = "MQConsumer", "MQConsumer\MQConsumer.csproj", "{11D78C17-5540-4675-935B-675B265BCE92}"
EndProject
Global
	GlobalSection(SolutionConfigurationPlatforms) = preSolution
		Debug|Any CPU = Debug|Any CPU
		Release|Any CPU = Release|Any CPU
	EndGlobalSection
	GlobalSection(ProjectConfigurationPlatforms) = postSolution
		{803E4F99-92E9-40D5-9FAF-6CD8079577BD}.Debug|Any CPU.ActiveCfg = Debug|Any CPU
		{803E4F99-92E9-40D5-9FAF-6CD8079577BD}.Debug|Any CPU.Build.0 = Debug|Any CPU
		{803E4F99-92E9-40D5-9FAF-6CD8079577BD}.Release|Any CPU.ActiveCfg = Release|Any CPU
		{803E4F99-92E9-40D5-9FAF-6CD8079577BD}.Release|Any CPU.Build.0 = Release|Any CPU
		{0579F78A-5CE3-46F6-9D74-105D6821EBB0}.Debug|Any CPU.ActiveCfg = Debug|Any CPU
		{0579F78A-5CE3-46F6-9D74-105D6821EBB0}.Debug|Any CPU.Build.0 = Debug|Any CPU
		{0579F78A-5CE3-46F6-9D74-105D6821EBB0}.Release|Any CPU.ActiveCfg = Release|Any CPU
		{0579F78A-5CE3-46F6-9D74-105D6821EBB0}.Release|Any CPU.Build.0 = Release|Any CPU
		{265FECA0-AFEA-4A46-984B-1078A1A1FA5C}.Debug|Any CPU.ActiveCfg = Debug|Any CPU
		{265FECA0-AFEA-4A46-984B-1078A1A1FA5C}.Debug|Any CPU.Build.0 = Debug|Any CPU
		{265FECA0-AFEA-4A46-984B-1078A1A1FA5C}.Release|Any CPU.ActiveCfg = Release|Any CPU
		{265FECA0-AFEA-4A46-984B-1078A1A1FA5C}.Release|Any CPU.Build.0 = Release|Any CPU
		{09602BFC-5096-4791-B581-3A9461431265}.Debug|Any CPU.ActiveCfg = Debug|Any CPU
		{09602BFC-5096-4791-B581-3A9461431265}.Debug|Any CPU.Build.0 = Debug|Any CPU
		{09602BFC-5096-4791-B581-3A9461431265}.Release|Any CPU.ActiveCfg = Release|Any CPU
		{09602BFC-5096-4791-B581-3A9461431265}.Release|Any CPU.Build.0 = Release|Any CPU
		{90290C05-04AB-42EF-8BB8-70E9A52AAB16}.Debug|Any CPU.ActiveCfg = Debug|Any CPU
		{90290C05-04AB-42EF-8BB8-70E9A52AAB16}.Debug|Any CPU.Build.0 = Debug|Any CPU
		{90290C05-04AB-42EF-8BB8-70E9A52AAB16}.Release|Any CPU.ActiveCfg = Release|Any CPU
		{90290C05-04AB-42EF-8BB8-70E9A52AAB16}.Release|Any CPU.Build.0 = Release|Any CPU
		{E5F63B41-8B4A-4B52-9754-9CED83CAC45C}.Debug|Any CPU.ActiveCfg = Debug|Any CPU
		{E5F63B41-8B4A-4B52-9754-9CED83CAC45C}.Debug|Any CPU.Build.0 = Debug|Any CPU
		{E5F63B41-8B4A-4B52-9754-9CED83CAC45C}.Release|Any CPU.ActiveCfg = Release|Any CPU
		{E5F63B41-8B4A-4B52-9754-9CED83CAC45C}.Release|Any CPU.Build.0 = Release|Any CPU
		{477A5F90-5193-49DB-A56E-DF3976C32D77}.Debug|Any CPU.ActiveCfg = Debug|Any CPU
		{477A5F90-5193-49DB-A56E-DF3976C32D77}.Debug|Any CPU.Build.0 = Debug|Any CPU
		{477A5F90-5193-49DB-A56E-DF3976C32D77}.Release|Any CPU.ActiveCfg = Release|Any CPU
		{477A5F90-5193-49DB-A56E-DF3976C32D77}.Release|Any CPU.Build.0 = Release|Any CPU
		{559ADD0D-9F50-48FB-8DA5-0E7B0A407EC2}.Debug|Any CPU.ActiveCfg = Debug|Any CPU
		{559ADD0D-9F50-48FB-8DA5-0E7B0A407EC2}.Debug|Any CPU.Build.0 = Debug|Any CPU
		{559ADD0D-9F50-48FB-8DA5-0E7B0A407EC2}.Release|Any CPU.ActiveCfg = Release|Any CPU
		{559ADD0D-9F50-48FB-8DA5-0E7B0A407EC2}.Release|Any CPU.Build.0 = Release|Any CPU
		{11D78C17-5540-4675-935B-675B265BCE92}.Debug|Any CPU.ActiveCfg = Debug|Any CPU
		{11D78C17-5540-4675-935B-675B265BCE92}.Debug|Any CPU.Build.0 = Debug|Any CPU
		{11D78C17-5540-4675-935B-675B265BCE92}.Release|Any CPU.ActiveCfg = Release|Any CPU
		{11D78C17-5540-4675-935B-675B265BCE92}.Release|Any CPU.Build.0 = Release|Any CPU
	EndGlobalSection
	GlobalSection(SolutionProperties) = preSolution
		HideSolutionNode = FALSE
	EndGlobalSection
	GlobalSection(NestedProjects) = preSolution
		{0579F78A-5CE3-46F6-9D74-105D6821EBB0} = {B96E9F9D-455C-4E83-A175-E2A4D11EFBA9}
		{265FECA0-AFEA-4A46-984B-1078A1A1FA5C} = {B96E9F9D-455C-4E83-A175-E2A4D11EFBA9}
		{09602BFC-5096-4791-B581-3A9461431265} = {114F9C8D-0FFA-4C67-9433-46319701B5E1}
		{90290C05-04AB-42EF-8BB8-70E9A52AAB16} = {114F9C8D-0FFA-4C67-9433-46319701B5E1}
		{E5F63B41-8B4A-4B52-9754-9CED83CAC45C} = {B96E9F9D-455C-4E83-A175-E2A4D11EFBA9}
		{477A5F90-5193-49DB-A56E-DF3976C32D77} = {B96E9F9D-455C-4E83-A175-E2A4D11EFBA9}
		{559ADD0D-9F50-48FB-8DA5-0E7B0A407EC2} = {311C573C-BFB7-43FE-84AA-ECE6F3DCEFF9}
	EndGlobalSection
EndGlobal
